
Microsoft Visual Studio Solution File, Format Version 12.00
# Visual Studio 15
VisualStudioVersion = 15.0.28307.168
MinimumVisualStudioVersion = 10.0.40219.1
Project("{FAE04EC0-301F-11D3-BF4B-00C04F79EFBC}") = "DSSL", "DSSL.csproj", "{B082F85F-23B5-4350-B6CC-2360307DF283}"
EndProject
Global
	GlobalSection(SolutionConfigurationPlatforms) = preSolution
		Debug|Any CPU = Debug|Any CPU
		Release|Any CPU = Release|Any CPU
	EndGlobalSection
	GlobalSection(ProjectConfigurationPlatforms) = postSolution
		{B082F85F-23B5-4350-B6CC-2360307DF283}.Debug|Any CPU.ActiveCfg = Debug|Any CPU
		{B082F85F-23B5-4350-B6CC-2360307DF283}.Debug|Any CPU.Build.0 = Debug|Any CPU
		{B082F85F-23B5-4350-B6CC-2360307DF283}.Release|Any CPU.ActiveCfg = Release|Any CPU
		{B082F85F-23B5-4350-B6CC-2360307DF283}.Release|Any CPU.Build.0 = Release|Any CPU
	EndGlobalSection
	GlobalSection(SolutionProperties) = preSolution
		HideSolutionNode = FALSE
	EndGlobalSection
	GlobalSection(ExtensibilityGlobals) = postSolution
		SolutionGuid = {90B3BC06-F57A-434D-8FA6-EF7FE4832BC7}
	EndGlobalSection
EndGlobal
